
Microsoft Visual Studio Solution File, Format Version 12.00
# Visual Studio Version 17
VisualStudioVersion = 17.0.31903.59
MinimumVisualStudioVersion = 10.0.40219.1
Project("{2150E333-8FDC-42A3-9474-1A3956D46DE8}") = "src", "src", "{DCB66C7A-DE7F-4933-846E-D06FC1F54805}"
EndProject
Project("{FAE04EC0-301F-11D3-BF4B-00C04F79EFBC}") = "PetFamily.API", "src\PetFamily.API\PetFamily.API.csproj", "{04467D4B-FA5D-4C59-B27E-453E9B24AD2A}"
EndProject
Project("{FAE04EC0-301F-11D3-BF4B-00C04F79EFBC}") = "PetFamily.Application", "src\PetFamily.Application\PetFamily.Application.csproj", "{54256EBC-522F-41CD-B24D-3BB9DC490CD7}"
EndProject
Project("{FAE04EC0-301F-11D3-BF4B-00C04F79EFBC}") = "PetFamily.Domain", "src\PetFamily.Domain\PetFamily.Domain.csproj", "{EDC9FC01-C2C9-4E33-ACE8-F8602737DAE1}"
EndProject
Project("{FAE04EC0-301F-11D3-BF4B-00C04F79EFBC}") = "PetFamily.Infrastructure", "src\PetFamily.Infrastructure\PetFamily.Infrastructure.csproj", "{4DFDA949-B79B-454C-82B2-767059D61BAF}"
EndProject
Project("{2150E333-8FDC-42A3-9474-1A3956D46DE8}") = "tests", "tests", "{D1501A12-1823-42D5-827E-017A53BC8938}"
EndProject
Project("{FAE04EC0-301F-11D3-BF4B-00C04F79EFBC}") = "PetFamily.Domain.UnitTests", "tests\PetFamily.Domain.UnitTests\PetFamily.Domain.UnitTests.csproj", "{889D4767-99C7-461D-8BF7-C232B1B634E8}"
EndProject
Project("{FAE04EC0-301F-11D3-BF4B-00C04F79EFBC}") = "PetFamily.Appication.IntegrationTests", "src\tests\PetFamily.Appication.IntegrationTests\PetFamily.Appication.IntegrationTests.csproj", "{7B3D5ACD-E543-45FA-81C5-D6C94D91A726}"
EndProject
Project("{FAE04EC0-301F-11D3-BF4B-00C04F79EFBC}") = "PetFamily.AcceptanceTests", "src\tests\PetFamily.AcceptanceTests\PetFamily.AcceptanceTests.csproj", "{5F543739-40DE-4175-995D-13A0103A1B01}"
EndProject
Project("{FAE04EC0-301F-11D3-BF4B-00C04F79EFBC}") = "PetFamily.TestUtils", "tests\PetFamily.TestUtils\PetFamily.TestUtils.csproj", "{4884456E-792B-46CB-AEC2-364C45BEEF82}"
EndProject
Global
	GlobalSection(SolutionConfigurationPlatforms) = preSolution
		Debug|Any CPU = Debug|Any CPU
		Release|Any CPU = Release|Any CPU
	EndGlobalSection
	GlobalSection(SolutionProperties) = preSolution
		HideSolutionNode = FALSE
	EndGlobalSection
	GlobalSection(ProjectConfigurationPlatforms) = postSolution
		{04467D4B-FA5D-4C59-B27E-453E9B24AD2A}.Debug|Any CPU.ActiveCfg = Debug|Any CPU
		{04467D4B-FA5D-4C59-B27E-453E9B24AD2A}.Debug|Any CPU.Build.0 = Debug|Any CPU
		{04467D4B-FA5D-4C59-B27E-453E9B24AD2A}.Release|Any CPU.ActiveCfg = Release|Any CPU
		{04467D4B-FA5D-4C59-B27E-453E9B24AD2A}.Release|Any CPU.Build.0 = Release|Any CPU
		{54256EBC-522F-41CD-B24D-3BB9DC490CD7}.Debug|Any CPU.ActiveCfg = Debug|Any CPU
		{54256EBC-522F-41CD-B24D-3BB9DC490CD7}.Debug|Any CPU.Build.0 = Debug|Any CPU
		{54256EBC-522F-41CD-B24D-3BB9DC490CD7}.Release|Any CPU.ActiveCfg = Release|Any CPU
		{54256EBC-522F-41CD-B24D-3BB9DC490CD7}.Release|Any CPU.Build.0 = Release|Any CPU
		{EDC9FC01-C2C9-4E33-ACE8-F8602737DAE1}.Debug|Any CPU.ActiveCfg = Debug|Any CPU
		{EDC9FC01-C2C9-4E33-ACE8-F8602737DAE1}.Debug|Any CPU.Build.0 = Debug|Any CPU
		{EDC9FC01-C2C9-4E33-ACE8-F8602737DAE1}.Release|Any CPU.ActiveCfg = Release|Any CPU
		{EDC9FC01-C2C9-4E33-ACE8-F8602737DAE1}.Release|Any CPU.Build.0 = Release|Any CPU
		{4DFDA949-B79B-454C-82B2-767059D61BAF}.Debug|Any CPU.ActiveCfg = Debug|Any CPU
		{4DFDA949-B79B-454C-82B2-767059D61BAF}.Debug|Any CPU.Build.0 = Debug|Any CPU
		{4DFDA949-B79B-454C-82B2-767059D61BAF}.Release|Any CPU.ActiveCfg = Release|Any CPU
		{4DFDA949-B79B-454C-82B2-767059D61BAF}.Release|Any CPU.Build.0 = Release|Any CPU
		{889D4767-99C7-461D-8BF7-C232B1B634E8}.Debug|Any CPU.ActiveCfg = Debug|Any CPU
		{889D4767-99C7-461D-8BF7-C232B1B634E8}.Debug|Any CPU.Build.0 = Debug|Any CPU
		{889D4767-99C7-461D-8BF7-C232B1B634E8}.Release|Any CPU.ActiveCfg = Release|Any CPU
		{889D4767-99C7-461D-8BF7-C232B1B634E8}.Release|Any CPU.Build.0 = Release|Any CPU
		{7B3D5ACD-E543-45FA-81C5-D6C94D91A726}.Debug|Any CPU.ActiveCfg = Debug|Any CPU
		{7B3D5ACD-E543-45FA-81C5-D6C94D91A726}.Debug|Any CPU.Build.0 = Debug|Any CPU
		{7B3D5ACD-E543-45FA-81C5-D6C94D91A726}.Release|Any CPU.ActiveCfg = Release|Any CPU
		{7B3D5ACD-E543-45FA-81C5-D6C94D91A726}.Release|Any CPU.Build.0 = Release|Any CPU
		{5F543739-40DE-4175-995D-13A0103A1B01}.Debug|Any CPU.ActiveCfg = Debug|Any CPU
		{5F543739-40DE-4175-995D-13A0103A1B01}.Debug|Any CPU.Build.0 = Debug|Any CPU
		{5F543739-40DE-4175-995D-13A0103A1B01}.Release|Any CPU.ActiveCfg = Release|Any CPU
		{5F543739-40DE-4175-995D-13A0103A1B01}.Release|Any CPU.Build.0 = Release|Any CPU
		{4884456E-792B-46CB-AEC2-364C45BEEF82}.Debug|Any CPU.ActiveCfg = Debug|Any CPU
		{4884456E-792B-46CB-AEC2-364C45BEEF82}.Debug|Any CPU.Build.0 = Debug|Any CPU
		{4884456E-792B-46CB-AEC2-364C45BEEF82}.Release|Any CPU.ActiveCfg = Release|Any CPU
		{4884456E-792B-46CB-AEC2-364C45BEEF82}.Release|Any CPU.Build.0 = Release|Any CPU
	EndGlobalSection
	GlobalSection(NestedProjects) = preSolution
		{04467D4B-FA5D-4C59-B27E-453E9B24AD2A} = {DCB66C7A-DE7F-4933-846E-D06FC1F54805}
		{54256EBC-522F-41CD-B24D-3BB9DC490CD7} = {DCB66C7A-DE7F-4933-846E-D06FC1F54805}
		{EDC9FC01-C2C9-4E33-ACE8-F8602737DAE1} = {DCB66C7A-DE7F-4933-846E-D06FC1F54805}
		{4DFDA949-B79B-454C-82B2-767059D61BAF} = {DCB66C7A-DE7F-4933-846E-D06FC1F54805}
		{889D4767-99C7-461D-8BF7-C232B1B634E8} = {D1501A12-1823-42D5-827E-017A53BC8938}
		{7B3D5ACD-E543-45FA-81C5-D6C94D91A726} = {D1501A12-1823-42D5-827E-017A53BC8938}
		{5F543739-40DE-4175-995D-13A0103A1B01} = {D1501A12-1823-42D5-827E-017A53BC8938}
		{4884456E-792B-46CB-AEC2-364C45BEEF82} = {D1501A12-1823-42D5-827E-017A53BC8938}
	EndGlobalSection
EndGlobal
